
Microsoft Visual Studio Solution File, Format Version 12.00
# Visual Studio Version 17
VisualStudioVersion = 17.4.33213.308
MinimumVisualStudioVersion = 10.0.40219.1
Project("{9A19103F-16F7-4668-BE54-9A1E7A4F7556}") = "Collections", "Collections\Collections.csproj", "{09661902-ADE2-40E7-A7C7-65648060BF48}"
EndProject
Project("{FAE04EC0-301F-11D3-BF4B-00C04F79EFBC}") = "DictionaryApp", "DictionaryApp\DictionaryApp.csproj", "{E111A03C-EF2A-4B64-AE64-709A0C5C75AE}"
EndProject
Project("{FAE04EC0-301F-11D3-BF4B-00C04F79EFBC}") = "ArrayList", "ArrayList\ArrayList.csproj", "{E5ACF6DB-D1F9-4D36-8C38-807A3B74C542}"
EndProject
Project("{FAE04EC0-301F-11D3-BF4B-00C04F79EFBC}") = "Lesson7Exercise", "Lesson7Exercise\Lesson7Exercise.csproj", "{6ED2F2D4-B2E4-4700-967B-C996D04C1921}"
EndProject
Global
	GlobalSection(SolutionConfigurationPlatforms) = preSolution
		Debug|Any CPU = Debug|Any CPU
		Release|Any CPU = Release|Any CPU
	EndGlobalSection
	GlobalSection(ProjectConfigurationPlatforms) = postSolution
		{09661902-ADE2-40E7-A7C7-65648060BF48}.Debug|Any CPU.ActiveCfg = Debug|Any CPU
		{09661902-ADE2-40E7-A7C7-65648060BF48}.Debug|Any CPU.Build.0 = Debug|Any CPU
		{09661902-ADE2-40E7-A7C7-65648060BF48}.Release|Any CPU.ActiveCfg = Release|Any CPU
		{09661902-ADE2-40E7-A7C7-65648060BF48}.Release|Any CPU.Build.0 = Release|Any CPU
		{E111A03C-EF2A-4B64-AE64-709A0C5C75AE}.Debug|Any CPU.ActiveCfg = Debug|Any CPU
		{E111A03C-EF2A-4B64-AE64-709A0C5C75AE}.Debug|Any CPU.Build.0 = Debug|Any CPU
		{E111A03C-EF2A-4B64-AE64-709A0C5C75AE}.Release|Any CPU.ActiveCfg = Release|Any CPU
		{E111A03C-EF2A-4B64-AE64-709A0C5C75AE}.Release|Any CPU.Build.0 = Release|Any CPU
		{E5ACF6DB-D1F9-4D36-8C38-807A3B74C542}.Debug|Any CPU.ActiveCfg = Debug|Any CPU
		{E5ACF6DB-D1F9-4D36-8C38-807A3B74C542}.Debug|Any CPU.Build.0 = Debug|Any CPU
		{E5ACF6DB-D1F9-4D36-8C38-807A3B74C542}.Release|Any CPU.ActiveCfg = Release|Any CPU
		{E5ACF6DB-D1F9-4D36-8C38-807A3B74C542}.Release|Any CPU.Build.0 = Release|Any CPU
		{6ED2F2D4-B2E4-4700-967B-C996D04C1921}.Debug|Any CPU.ActiveCfg = Debug|Any CPU
		{6ED2F2D4-B2E4-4700-967B-C996D04C1921}.Debug|Any CPU.Build.0 = Debug|Any CPU
		{6ED2F2D4-B2E4-4700-967B-C996D04C1921}.Release|Any CPU.ActiveCfg = Release|Any CPU
		{6ED2F2D4-B2E4-4700-967B-C996D04C1921}.Release|Any CPU.Build.0 = Release|Any CPU
	EndGlobalSection
	GlobalSection(SolutionProperties) = preSolution
		HideSolutionNode = FALSE
	EndGlobalSection
	GlobalSection(ExtensibilityGlobals) = postSolution
		SolutionGuid = {BF09A3AE-DC51-4EE6-B884-B6C578F06B40}
	EndGlobalSection
EndGlobal
